
Microsoft Visual Studio Solution File, Format Version 12.00
Project("{2150E333-8FDC-42A3-9474-1A3956D46DE8}") = "Tests", "Tests", "{63BE0932-57FD-4811-BC4A-1581E6C1D290}"
EndProject
Project("{FAE04EC0-301F-11D3-BF4B-00C04F79EFBC}") = "ElasticSearchExtensions.Tests", "test\ElasticSearchExtensions.Tests\ElasticSearchExtensions.Tests.csproj", "{8C333E9B-8E5C-4ADD-AADD-63989D7FDC55}"
EndProject
Project("{FAE04EC0-301F-11D3-BF4B-00C04F79EFBC}") = "ElasticSearchExtensions", "src\ElasticSearchExtensions\ElasticSearchExtensions.csproj", "{3B930749-2EA3-41D4-B64D-45A52746253E}"
EndProject
Global
	GlobalSection(SolutionConfigurationPlatforms) = preSolution
		Debug|Any CPU = Debug|Any CPU
		Release|Any CPU = Release|Any CPU
	EndGlobalSection
	GlobalSection(ProjectConfigurationPlatforms) = postSolution
		{8C333E9B-8E5C-4ADD-AADD-63989D7FDC55}.Debug|Any CPU.ActiveCfg = Debug|Any CPU
		{8C333E9B-8E5C-4ADD-AADD-63989D7FDC55}.Debug|Any CPU.Build.0 = Debug|Any CPU
		{8C333E9B-8E5C-4ADD-AADD-63989D7FDC55}.Release|Any CPU.ActiveCfg = Release|Any CPU
		{8C333E9B-8E5C-4ADD-AADD-63989D7FDC55}.Release|Any CPU.Build.0 = Release|Any CPU
		{3B930749-2EA3-41D4-B64D-45A52746253E}.Debug|Any CPU.ActiveCfg = Debug|Any CPU
		{3B930749-2EA3-41D4-B64D-45A52746253E}.Debug|Any CPU.Build.0 = Debug|Any CPU
		{3B930749-2EA3-41D4-B64D-45A52746253E}.Release|Any CPU.ActiveCfg = Release|Any CPU
		{3B930749-2EA3-41D4-B64D-45A52746253E}.Release|Any CPU.Build.0 = Release|Any CPU
	EndGlobalSection
	GlobalSection(NestedProjects) = preSolution
		{8C333E9B-8E5C-4ADD-AADD-63989D7FDC55} = {63BE0932-57FD-4811-BC4A-1581E6C1D290}
	EndGlobalSection
EndGlobal
